
Microsoft Visual Studio Solution File, Format Version 12.00
# Visual Studio 2013
VisualStudioVersion = 12.0.31101.0
MinimumVisualStudioVersion = 10.0.40219.1
Project("{FAE04EC0-301F-11D3-BF4B-00C04F79EFBC}") = "Test", "Test\Test.csproj", "{90ECD8AA-9437-4294-9185-4845E4436FE5}"
EndProject
Project("{FAE04EC0-301F-11D3-BF4B-00C04F79EFBC}") = "Satellite Control", "SatelliteControl\Satellite Control.csproj", "{E1219003-01F9-4049-B7AB-9CE0413B73F2}"
EndProject
Project("{FAE04EC0-301F-11D3-BF4B-00C04F79EFBC}") = "Request Control", "Request Control\Request Control.csproj", "{BCCC150C-16A5-42C0-A558-89DB7A01E1C8}"
EndProject
Project("{FAE04EC0-301F-11D3-BF4B-00C04F79EFBC}") = "Black Box", "Black Box\Black Box.csproj", "{68F53D8B-5DA0-4590-B538-6E12BD9228B3}"
EndProject
Global
	GlobalSection(SolutionConfigurationPlatforms) = preSolution
		Debug|Any CPU = Debug|Any CPU
		Release|Any CPU = Release|Any CPU
	EndGlobalSection
	GlobalSection(ProjectConfigurationPlatforms) = postSolution
		{90ECD8AA-9437-4294-9185-4845E4436FE5}.Debug|Any CPU.ActiveCfg = Debug|Any CPU
		{90ECD8AA-9437-4294-9185-4845E4436FE5}.Debug|Any CPU.Build.0 = Debug|Any CPU
		{90ECD8AA-9437-4294-9185-4845E4436FE5}.Release|Any CPU.ActiveCfg = Release|Any CPU
		{90ECD8AA-9437-4294-9185-4845E4436FE5}.Release|Any CPU.Build.0 = Release|Any CPU
		{E1219003-01F9-4049-B7AB-9CE0413B73F2}.Debug|Any CPU.ActiveCfg = Debug|Any CPU
		{E1219003-01F9-4049-B7AB-9CE0413B73F2}.Debug|Any CPU.Build.0 = Debug|Any CPU
		{E1219003-01F9-4049-B7AB-9CE0413B73F2}.Release|Any CPU.ActiveCfg = Release|Any CPU
		{E1219003-01F9-4049-B7AB-9CE0413B73F2}.Release|Any CPU.Build.0 = Release|Any CPU
		{BCCC150C-16A5-42C0-A558-89DB7A01E1C8}.Debug|Any CPU.ActiveCfg = Debug|Any CPU
		{BCCC150C-16A5-42C0-A558-89DB7A01E1C8}.Debug|Any CPU.Build.0 = Debug|Any CPU
		{BCCC150C-16A5-42C0-A558-89DB7A01E1C8}.Release|Any CPU.ActiveCfg = Release|Any CPU
		{BCCC150C-16A5-42C0-A558-89DB7A01E1C8}.Release|Any CPU.Build.0 = Release|Any CPU
		{68F53D8B-5DA0-4590-B538-6E12BD9228B3}.Debug|Any CPU.ActiveCfg = Debug|Any CPU
		{68F53D8B-5DA0-4590-B538-6E12BD9228B3}.Debug|Any CPU.Build.0 = Debug|Any CPU
		{68F53D8B-5DA0-4590-B538-6E12BD9228B3}.Release|Any CPU.ActiveCfg = Release|Any CPU
		{68F53D8B-5DA0-4590-B538-6E12BD9228B3}.Release|Any CPU.Build.0 = Release|Any CPU
	EndGlobalSection
	GlobalSection(SolutionProperties) = preSolution
		HideSolutionNode = FALSE
	EndGlobalSection
EndGlobal
